Microsoft Visual Studio Solution File, Format Version 12.00
# Visual Studio Version 17
VisualStudioVersion = 17.12.35707.178
MinimumVisualStudioVersion = 10.0.40219.1
Project("{FAE04EC0-301F-11D3-BF4B-00C04F79EFBC}") = "ATSourcing.AppHost", "ATSourcing.AppHost\ATSourcing.AppHost.csproj", "{E5B4D1BE-D92D-480C-97A6-FE531C9D1BCE}"
EndProject
Project("{FAE04EC0-301F-11D3-BF4B-00C04F79EFBC}") = "ATSourcing.ServiceDefaults", "ATSourcing.ServiceDefaults\ATSourcing.ServiceDefaults.csproj", "{9FBBF6B7-011E-4B38-B7B1-4F7E3624A8EA}"
EndProject
Project("{2150E333-8FDC-42A3-9474-1A3956D46DE8}") = "01 - Orchestration", "01 - Orchestration", "{5102D344-A6E6-4A2E-87CF-F45AD67AB8F5}"
EndProject
Project("{2150E333-8FDC-42A3-9474-1A3956D46DE8}") = "04 - Frameworks", "04 - Frameworks", "{B858E318-F2E2-4328-B648-AF5446E68D81}"
EndProject
Project("{2150E333-8FDC-42A3-9474-1A3956D46DE8}") = "02 - Apps", "02 - Apps", "{FB7B051C-A5D6-4638-A4BD-F73F932E736D}"
EndProject
Project("{2150E333-8FDC-42A3-9474-1A3956D46DE8}") = "03 - Core", "03 - Core", "{F376CDB5-C56C-40A1-9B72-50DB79E2E207}"
EndProject
Project("{FAE04EC0-301F-11D3-BF4B-00C04F79EFBC}") = "ESFrame.Domain", "ESFrame.Domain\ESFrame.Domain.csproj", "{B6BE4A5E-1447-476B-B5FB-6C0C69F63DCF}"
EndProject
Project("{FAE04EC0-301F-11D3-BF4B-00C04F79EFBC}") = "ATSourcing.Domain", "ATSourcing.Domain\ATSourcing.Domain.csproj", "{15C2BF29-B10B-430A-A2AE-49E16D74640D}"
EndProject
Project("{FAE04EC0-301F-11D3-BF4B-00C04F79EFBC}") = "ESFrame.Application", "ESFrame.Application\ESFrame.Application.csproj", "{682E5ECB-8823-49C6-B22E-ED8EA4CB755E}"
EndProject
Project("{FAE04EC0-301F-11D3-BF4B-00C04F79EFBC}") = "ESFrame.Insfrastructure", "ESFrame.Insfrastructure\ESFrame.Insfrastructure.csproj", "{80A9BF7E-5214-4971-9DC4-DF76FF0D436A}"
EndProject
Project("{FAE04EC0-301F-11D3-BF4B-00C04F79EFBC}") = "ESFrame.Infrastructure.CosmosDB", "ESFrame.Infrastructure.CosmosDB\ESFrame.Infrastructure.CosmosDB.csproj", "{AA02121D-2D38-4B2F-9153-6EA276FABED0}"
EndProject
Project("{FAE04EC0-301F-11D3-BF4B-00C04F79EFBC}") = "ATSourcing.Infrastructure", "ATSourcing.Infrastructure\ATSourcing.Infrastructure.csproj", "{5AFBF45E-AF33-4510-8E8E-AE9EC80BB8E9}"
EndProject
Project("{FAE04EC0-301F-11D3-BF4B-00C04F79EFBC}") = "ATSourcing.Application", "ATSourcing.Application\ATSourcing.Application.csproj", "{040B294F-E6C4-4BB8-B52A-527022F7E0C9}"
EndProject
Project("{FAE04EC0-301F-11D3-BF4B-00C04F79EFBC}") = "ATSourcing.Api", "ATSourcing.Api\ATSourcing.Api.csproj", "{0EE129C4-140D-47E1-B832-1D5CF2632914}"
EndProject
Project("{FAE04EC0-301F-11D3-BF4B-00C04F79EFBC}") = "ATSourcing.CosmosDBConfigurer", "ATSourcing.CosmosDBConfigurer\ATSourcing.CosmosDBConfigurer.csproj", "{34ADADE5-3FF9-4A4F-8AE7-9AC5C5DA8512}"
EndProject
Global
	GlobalSection(SolutionConfigurationPlatforms) = preSolution
		Debug|Any CPU = Debug|Any CPU
		Release|Any CPU = Release|Any CPU
	EndGlobalSection
	GlobalSection(ProjectConfigurationPlatforms) = postSolution
		{E5B4D1BE-D92D-480C-97A6-FE531C9D1BCE}.Debug|Any CPU.ActiveCfg = Debug|Any CPU
		{E5B4D1BE-D92D-480C-97A6-FE531C9D1BCE}.Debug|Any CPU.Build.0 = Debug|Any CPU
		{E5B4D1BE-D92D-480C-97A6-FE531C9D1BCE}.Release|Any CPU.ActiveCfg = Release|Any CPU
		{E5B4D1BE-D92D-480C-97A6-FE531C9D1BCE}.Release|Any CPU.Build.0 = Release|Any CPU
		{9FBBF6B7-011E-4B38-B7B1-4F7E3624A8EA}.Debug|Any CPU.ActiveCfg = Debug|Any CPU
		{9FBBF6B7-011E-4B38-B7B1-4F7E3624A8EA}.Debug|Any CPU.Build.0 = Debug|Any CPU
		{9FBBF6B7-011E-4B38-B7B1-4F7E3624A8EA}.Release|Any CPU.ActiveCfg = Release|Any CPU
		{9FBBF6B7-011E-4B38-B7B1-4F7E3624A8EA}.Release|Any CPU.Build.0 = Release|Any CPU
		{B6BE4A5E-1447-476B-B5FB-6C0C69F63DCF}.Debug|Any CPU.ActiveCfg = Debug|Any CPU
		{B6BE4A5E-1447-476B-B5FB-6C0C69F63DCF}.Debug|Any CPU.Build.0 = Debug|Any CPU
		{B6BE4A5E-1447-476B-B5FB-6C0C69F63DCF}.Release|Any CPU.ActiveCfg = Release|Any CPU
		{B6BE4A5E-1447-476B-B5FB-6C0C69F63DCF}.Release|Any CPU.Build.0 = Release|Any CPU
		{15C2BF29-B10B-430A-A2AE-49E16D74640D}.Debug|Any CPU.ActiveCfg = Debug|Any CPU
		{15C2BF29-B10B-430A-A2AE-49E16D74640D}.Debug|Any CPU.Build.0 = Debug|Any CPU
		{15C2BF29-B10B-430A-A2AE-49E16D74640D}.Release|Any CPU.ActiveCfg = Release|Any CPU
		{15C2BF29-B10B-430A-A2AE-49E16D74640D}.Release|Any CPU.Build.0 = Release|Any CPU
		{682E5ECB-8823-49C6-B22E-ED8EA4CB755E}.Debug|Any CPU.ActiveCfg = Debug|Any CPU
		{682E5ECB-8823-49C6-B22E-ED8EA4CB755E}.Debug|Any CPU.Build.0 = Debug|Any CPU
		{682E5ECB-8823-49C6-B22E-ED8EA4CB755E}.Release|Any CPU.ActiveCfg = Release|Any CPU
		{682E5ECB-8823-49C6-B22E-ED8EA4CB755E}.Release|Any CPU.Build.0 = Release|Any CPU
		{80A9BF7E-5214-4971-9DC4-DF76FF0D436A}.Debug|Any CPU.ActiveCfg = Debug|Any CPU
		{80A9BF7E-5214-4971-9DC4-DF76FF0D436A}.Debug|Any CPU.Build.0 = Debug|Any CPU
		{80A9BF7E-5214-4971-9DC4-DF76FF0D436A}.Release|Any CPU.ActiveCfg = Release|Any CPU
		{80A9BF7E-5214-4971-9DC4-DF76FF0D436A}.Release|Any CPU.Build.0 = Release|Any CPU
		{AA02121D-2D38-4B2F-9153-6EA276FABED0}.Debug|Any CPU.ActiveCfg = Debug|Any CPU
		{AA02121D-2D38-4B2F-9153-6EA276FABED0}.Debug|Any CPU.Build.0 = Debug|Any CPU
		{AA02121D-2D38-4B2F-9153-6EA276FABED0}.Release|Any CPU.ActiveCfg = Release|Any CPU
		{AA02121D-2D38-4B2F-9153-6EA276FABED0}.Release|Any CPU.Build.0 = Release|Any CPU
		{5AFBF45E-AF33-4510-8E8E-AE9EC80BB8E9}.Debug|Any CPU.ActiveCfg = Debug|Any CPU
		{5AFBF45E-AF33-4510-8E8E-AE9EC80BB8E9}.Debug|Any CPU.Build.0 = Debug|Any CPU
		{5AFBF45E-AF33-4510-8E8E-AE9EC80BB8E9}.Release|Any CPU.ActiveCfg = Release|Any CPU
		{5AFBF45E-AF33-4510-8E8E-AE9EC80BB8E9}.Release|Any CPU.Build.0 = Release|Any CPU
		{040B294F-E6C4-4BB8-B52A-527022F7E0C9}.Debug|Any CPU.ActiveCfg = Debug|Any CPU
		{040B294F-E6C4-4BB8-B52A-527022F7E0C9}.Debug|Any CPU.Build.0 = Debug|Any CPU
		{040B294F-E6C4-4BB8-B52A-527022F7E0C9}.Release|Any CPU.ActiveCfg = Release|Any CPU
		{040B294F-E6C4-4BB8-B52A-527022F7E0C9}.Release|Any CPU.Build.0 = Release|Any CPU
		{0EE129C4-140D-47E1-B832-1D5CF2632914}.Debug|Any CPU.ActiveCfg = Debug|Any CPU
		{0EE129C4-140D-47E1-B832-1D5CF2632914}.Debug|Any CPU.Build.0 = Debug|Any CPU
		{0EE129C4-140D-47E1-B832-1D5CF2632914}.Release|Any CPU.ActiveCfg = Release|Any CPU
		{0EE129C4-140D-47E1-B832-1D5CF2632914}.Release|Any CPU.Build.0 = Release|Any CPU
		{34ADADE5-3FF9-4A4F-8AE7-9AC5C5DA8512}.Debug|Any CPU.ActiveCfg = Debug|Any CPU
		{34ADADE5-3FF9-4A4F-8AE7-9AC5C5DA8512}.Debug|Any CPU.Build.0 = Debug|Any CPU
		{34ADADE5-3FF9-4A4F-8AE7-9AC5C5DA8512}.Release|Any CPU.ActiveCfg = Release|Any CPU
		{34ADADE5-3FF9-4A4F-8AE7-9AC5C5DA8512}.Release|Any CPU.Build.0 = Release|Any CPU
	EndGlobalSection
	GlobalSection(SolutionProperties) = preSolution
		HideSolutionNode = FALSE
	EndGlobalSection
	GlobalSection(NestedProjects) = preSolution
		{E5B4D1BE-D92D-480C-97A6-FE531C9D1BCE} = {5102D344-A6E6-4A2E-87CF-F45AD67AB8F5}
		{9FBBF6B7-011E-4B38-B7B1-4F7E3624A8EA} = {5102D344-A6E6-4A2E-87CF-F45AD67AB8F5}
		{B6BE4A5E-1447-476B-B5FB-6C0C69F63DCF} = {B858E318-F2E2-4328-B648-AF5446E68D81}
		{15C2BF29-B10B-430A-A2AE-49E16D74640D} = {F376CDB5-C56C-40A1-9B72-50DB79E2E207}
		{682E5ECB-8823-49C6-B22E-ED8EA4CB755E} = {B858E318-F2E2-4328-B648-AF5446E68D81}
		{80A9BF7E-5214-4971-9DC4-DF76FF0D436A} = {B858E318-F2E2-4328-B648-AF5446E68D81}
		{AA02121D-2D38-4B2F-9153-6EA276FABED0} = {B858E318-F2E2-4328-B648-AF5446E68D81}
		{5AFBF45E-AF33-4510-8E8E-AE9EC80BB8E9} = {F376CDB5-C56C-40A1-9B72-50DB79E2E207}
		{040B294F-E6C4-4BB8-B52A-527022F7E0C9} = {F376CDB5-C56C-40A1-9B72-50DB79E2E207}
		{0EE129C4-140D-47E1-B832-1D5CF2632914} = {FB7B051C-A5D6-4638-A4BD-F73F932E736D}
		{34ADADE5-3FF9-4A4F-8AE7-9AC5C5DA8512} = {FB7B051C-A5D6-4638-A4BD-F73F932E736D}
	EndGlobalSection
EndGlobal
